// !$*UTF8*$!
{
	archiveVersion = 1;
	classes = {
	};
	objectVersion = 48;
	objects = {

/* Begin PBXBuildFile section */
		18B0CC322043679B00E3DFF1 /* AppDelegate.swift in Sources */ = {isa = PBXBuildFile; fileRef = 18B0CC312043679B00E3DFF1 /* AppDelegate.swift */; };
		18B0CC342043679B00E3DFF1 /* ViewController.swift in Sources */ = {isa = PBXBuildFile; fileRef = 18B0CC332043679B00E3DFF1 /* ViewController.swift */; };
		18B0CC372043679B00E3DFF1 /* Main.storyboard in Resources */ = {isa = PBXBuildFile; fileRef = 18B0CC352043679B00E3DFF1 /* Main.storyboard */; };
		18B0CC392043679B00E3DFF1 /* Assets.xcassets in Resources */ = {isa = PBXBuildFile; fileRef = 18B0CC382043679B00E3DFF1 /* Assets.xcassets */; };
		18B0CC3C2043679B00E3DFF1 /* LaunchScreen.storyboard in Resources */ = {isa = PBXBuildFile; fileRef = 18B0CC3A2043679B00E3DFF1 /* LaunchScreen.storyboard */; };
		18B0CC4420436D4000E3DFF1 /* ViewModel.swift in Sources */ = {isa = PBXBuildFile; fileRef = 18B0CC4320436D4000E3DFF1 /* ViewModel.swift */; };
		18B0CC46204376A600E3DFF1 /* Task.swift in Sources */ = {isa = PBXBuildFile; fileRef = 18B0CC45204376A600E3DFF1 /* Task.swift */; };
		B01F42AF3C1D2906CF921364 /* Pods_todoMVVM.framework in Frameworks */ = {isa = PBXBuildFile; fileRef = EAF837CD854C0E5CAAC84BCD /* Pods_todoMVVM.framework */; };
/* End PBXBuildFile section */

/* Begin PBXFileReference section */
		18B0CC2E2043679B00E3DFF1 /* todoMVVM.app */ = {isa = PBXFileReference; explicitFileType = wrapper.application; includeInIndex = 0; path = todoMVVM.app; sourceTree = BUILT_PRODUCTS_DIR; };
		18B0CC312043679B00E3DFF1 /* AppDelegate.swift */ = {isa = PBXFileReference; lastKnownFileType = sourcecode.swift; path = AppDelegate.swift; sourceTree = "<group>"; };
		18B0CC332043679B00E3DFF1 /* ViewController.swift */ = {isa = PBXFileReference; lastKnownFileType = sourcecode.swift; path = ViewController.swift; sourceTree = "<group>"; };
		18B0CC362043679B00E3DFF1 /* Base */ = {isa = PBXFileReference; lastKnownFileType = file.storyboard; name = Base; path = Base.lproj/Main.storyboard; sourceTree = "<group>"; };
		18B0CC382043679B00E3DFF1 /* Assets.xcassets */ = {isa = PBXFileReference; lastKnownFileType = folder.assetcatalog; path = Assets.xcassets; sourceTree = "<group>"; };
		18B0CC3B2043679B00E3DFF1 /* Base */ = {isa = PBXFileReference; lastKnownFileType = file.storyboard; name = Base; path = Base.lproj/LaunchScreen.storyboard; sourceTree = "<group>"; };
		18B0CC3D2043679B00E3DFF1 /* Info.plist */ = {isa = PBXFileReference; lastKnownFileType = text.plist.xml; path = Info.plist; sourceTree = "<group>"; };
		18B0CC4320436D4000E3DFF1 /* ViewModel.swift */ = {isa = PBXFileReference; lastKnownFileType = sourcecode.swift; path = ViewModel.swift; sourceTree = "<group>"; };
		18B0CC45204376A600E3DFF1 /* Task.swift */ = {isa = PBXFileReference; lastKnownFileType = sourcecode.swift; path = Task.swift; sourceTree = "<group>"; };
		23E56A1800D702F657C26258 /* Pods-todoMVVM.release.xcconfig */ = {isa = PBXFileReference; includeInIndex = 1; lastKnownFileType = text.xcconfig; name = "Pods-todoMVVM.release.xcconfig"; path = "Pods/Target Support Files/Pods-todoMVVM/Pods-todoMVVM.release.xcconfig"; sourceTree = "<group>"; };
		E1AC5D3EF7A85E37DD0B24CD /* Pods-todoMVVM.debug.xcconfig */ = {isa = PBXFileReference; includeInIndex = 1; lastKnownFileType = text.xcconfig; name = "Pods-todoMVVM.debug.xcconfig"; path = "Pods/Target Support Files/Pods-todoMVVM/Pods-todoMVVM.debug.xcconfig"; sourceTree = "<group>"; };
		EAF837CD854C0E5CAAC84BCD /* Pods_todoMVVM.framework */ = {isa = PBXFileReference; explicitFileType = wrapper.framework; includeInIndex = 0; path = Pods_todoMVVM.framework; sourceTree = BUILT_PRODUCTS_DIR; };
/* End PBXFileReference section */

/* Begin PBXFrameworksBuildPhase section */
		18B0CC2B2043679B00E3DFF1 /* Frameworks */ = {
			isa = PBXFrameworksBuildPhase;
			buildActionMask = 2147483647;
			files = (
				B01F42AF3C1D2906CF921364 /* Pods_todoMVVM.framework in Frameworks */,
			);
			runOnlyForDeploymentPostprocessing = 0;
		};
/* End PBXFrameworksBuildPhase section */

/* Begin PBXGroup section */
		18B0CC252043679B00E3DFF1 = {
			isa = PBXGroup;
			children = (
				18B0CC302043679B00E3DFF1 /* todoMVVM */,
				18B0CC2F2043679B00E3DFF1 /* Products */,
				2E51E62BBB8E8F484176A16B /* Pods */,
				ECD1017BEDA24A411B6487D7 /* Frameworks */,
			);
			sourceTree = "<group>";
		};
		18B0CC2F2043679B00E3DFF1 /* Products */ = {
			isa = PBXGroup;
			children = (
				18B0CC2E2043679B00E3DFF1 /* todoMVVM.app */,
			);
			name = Products;
			sourceTree = "<group>";
		};
		18B0CC302043679B00E3DFF1 /* todoMVVM */ = {
			isa = PBXGroup;
			children = (
				18B0CC4920461A8E00E3DFF1 /* Models */,
				18B0CC4820461A8100E3DFF1 /* ViewModels */,
				18B0CC4720461A6B00E3DFF1 /* ViewControllers */,
				18B0CC312043679B00E3DFF1 /* AppDelegate.swift */,
				18B0CC352043679B00E3DFF1 /* Main.storyboard */,
				18B0CC382043679B00E3DFF1 /* Assets.xcassets */,
				18B0CC3A2043679B00E3DFF1 /* LaunchScreen.storyboard */,
				18B0CC3D2043679B00E3DFF1 /* Info.plist */,
			);
			path = todoMVVM;
			sourceTree = "<group>";
		};
		18B0CC4720461A6B00E3DFF1 /* ViewControllers */ = {
			isa = PBXGroup;
			children = (
				18B0CC332043679B00E3DFF1 /* ViewController.swift */,
			);
			path = ViewControllers;
			sourceTree = "<group>";
		};
		18B0CC4820461A8100E3DFF1 /* ViewModels */ = {
			isa = PBXGroup;
			children = (
				18B0CC4320436D4000E3DFF1 /* ViewModel.swift */,
			);
			path = ViewModels;
			sourceTree = "<group>";
		};
		18B0CC4920461A8E00E3DFF1 /* Models */ = {
			isa = PBXGroup;
			children = (
				18B0CC45204376A600E3DFF1 /* Task.swift */,
			);
			path = Models;
			sourceTree = "<group>";
		};
		2E51E62BBB8E8F484176A16B /* Pods */ = {
			isa = PBXGroup;
			children = (
				E1AC5D3EF7A85E37DD0B24CD /* Pods-todoMVVM.debug.xcconfig */,
				23E56A1800D702F657C26258 /* Pods-todoMVVM.release.xcconfig */,
			);
			name = Pods;
			sourceTree = "<group>";
		};
		ECD1017BEDA24A411B6487D7 /* Frameworks */ = {
			isa = PBXGroup;
			children = (
				EAF837CD854C0E5CAAC84BCD /* Pods_todoMVVM.framework */,
			);
			name = Frameworks;
			sourceTree = "<group>";
		};
/* End PBXGroup section */

/* Begin PBXNativeTarget section */
		18B0CC2D2043679B00E3DFF1 /* todoMVVM */ = {
			isa = PBXNativeTarget;
			buildConfigurationList = 18B0CC402043679B00E3DFF1 /* Build configuration list for PBXNativeTarget "todoMVVM" */;
			buildPhases = (
				1EC2358141F0EB9880A3BF80 /* [CP] Check Pods Manifest.lock */,
				18B0CC2A2043679B00E3DFF1 /* Sources */,
				18B0CC2B2043679B00E3DFF1 /* Frameworks */,
				18B0CC2C2043679B00E3DFF1 /* Resources */,
				7B2149E0BCC4C229556ADE0B /* [CP] Embed Pods Frameworks */,
				F191FEFCACE48079B75EB7F2 /* [CP] Copy Pods Resources */,
			);
			buildRules = (
			);
			dependencies = (
			);
			name = todoMVVM;
			productName = todoMVVM;
			productReference = 18B0CC2E2043679B00E3DFF1 /* todoMVVM.app */;
			productType = "com.apple.product-type.application";
		};
/* End PBXNativeTarget section */

/* Begin PBXProject section */
		18B0CC262043679B00E3DFF1 /* Project object */ = {
			isa = PBXProject;
			attributes = {
				LastSwiftUpdateCheck = 0920;
				LastUpgradeCheck = 0920;
				ORGANIZATIONNAME = csw;
				TargetAttributes = {
					18B0CC2D2043679B00E3DFF1 = {
						CreatedOnToolsVersion = 9.2;
						ProvisioningStyle = Automatic;
					};
				};
			};
			buildConfigurationList = 18B0CC292043679B00E3DFF1 /* Build configuration list for PBXProject "todoMVVM" */;
			compatibilityVersion = "Xcode 8.0";
			developmentRegion = en;
			hasScannedForEncodings = 0;
			knownRegions = (
				en,
				Base,
			);
			mainGroup = 18B0CC252043679B00E3DFF1;
			productRefGroup = 18B0CC2F2043679B00E3DFF1 /* Products */;
			projectDirPath = "";
			projectRoot = "";
			targets = (
				18B0CC2D2043679B00E3DFF1 /* todoMVVM */,
			);
		};
/* End PBXProject section */

/* Begin PBXResourcesBuildPhase section */
		18B0CC2C2043679B00E3DFF1 /* Resources */ = {
			isa = PBXResourcesBuildPhase;
			buildActionMask = 2147483647;
			files = (
				18B0CC3C2043679B00E3DFF1 /* LaunchScreen.storyboard in Resources */,
				18B0CC392043679B00E3DFF1 /* Assets.xcassets in Resources */,
				18B0CC372043679B00E3DFF1 /* Main.storyboard in Resources */,
			);
			runOnlyForDeploymentPostprocessing = 0;
		};
/* End PBXResourcesBuildPhase section */

/* Begin PBXShellScriptBuildPhase section */
		1EC2358141F0EB9880A3BF80 /* [CP] Check Pods Manifest.lock */ = {
			isa = PBXShellScriptBuildPhase;
			buildActionMask = 2147483647;
			files = (
			);
			inputPaths = (
				"${PODS_PODFILE_DIR_PATH}/Podfile.lock",
				"${PODS_ROOT}/Manifest.lock",
			);
			name = "[CP] Check Pods Manifest.lock";
			outputPaths = (
				"$(DERIVED_FILE_DIR)/Pods-todoMVVM-checkManifestLockResult.txt",
			);
			runOnlyForDeploymentPostprocessing = 0;
			shellPath = /bin/sh;
			shellScript = "diff \"${PODS_PODFILE_DIR_PATH}/Podfile.lock\" \"${PODS_ROOT}/Manifest.lock\" > /dev/null\nif [ $? != 0 ] ; then\n    # print error to STDERR\n    echo \"error: The sandbox is not in sync with the Podfile.lock. Run 'pod install' or update your CocoaPods installation.\" >&2\n    exit 1\nfi\n# This output is used by Xcode 'outputs' to avoid re-running this script phase.\necho \"SUCCESS\" > \"${SCRIPT_OUTPUT_FILE_0}\"\n";
			showEnvVarsInLog = 0;
		};
		7B2149E0BCC4C229556ADE0B /* [CP] Embed Pods Frameworks */ = {
			isa = PBXShellScriptBuildPhase;
			buildActionMask = 2147483647;
			files = (
			);
			inputPaths = (
				"${SRCROOT}/Pods/Target Support Files/Pods-todoMVVM/Pods-todoMVVM-frameworks.sh",
				"${BUILT_PRODUCTS_DIR}/RxCocoa/RxCocoa.framework",
				"${BUILT_PRODUCTS_DIR}/RxSwift/RxSwift.framework",
				"${BUILT_PRODUCTS_DIR}/SwiftyJSON/SwiftyJSON.framework",
			);
			name = "[CP] Embed Pods Frameworks";
			outputPaths = (
				"${TARGET_BUILD_DIR}/${FRAMEWORKS_FOLDER_PATH}/RxCocoa.framework",
				"${TARGET_BUILD_DIR}/${FRAMEWORKS_FOLDER_PATH}/RxSwift.framework",
				"${TARGET_BUILD_DIR}/${FRAMEWORKS_FOLDER_PATH}/SwiftyJSON.framework",
			);
			runOnlyForDeploymentPostprocessing = 0;
			shellPath = /bin/sh;
			shellScript = "\"${SRCROOT}/Pods/Target Support Files/Pods-todoMVVM/Pods-todoMVVM-frameworks.sh\"\n";
			showEnvVarsInLog = 0;
		};
		F191FEFCACE48079B75EB7F2 /* [CP] Copy Pods Resources */ = {
			isa = PBXShellScriptBuildPhase;
			buildActionMask = 2147483647;
			files = (
			);
			inputPaths = (
			);
			name = "[CP] Copy Pods Resources";
			outputPaths = (
			);
			runOnlyForDeploymentPostprocessing = 0;
			shellPath = /bin/sh;
			shellScript = "\"${SRCROOT}/Pods/Target Support Files/Pods-todoMVVM/Pods-todoMVVM-resources.sh\"\n";
			showEnvVarsInLog = 0;
		};
/* End PBXShellScriptBuildPhase section */

/* Begin PBXSourcesBuildPhase section */
		18B0CC2A2043679B00E3DFF1 /* Sources */ = {
			isa = PBXSourcesBuildPhase;
			buildActionMask = 2147483647;
			files = (
				18B0CC46204376A600E3DFF1 /* Task.swift in Sources */,
				18B0CC342043679B00E3DFF1 /* ViewController.swift in Sources */,
				18B0CC4420436D4000E3DFF1 /* ViewModel.swift in Sources */,
				18B0CC322043679B00E3DFF1 /* AppDelegate.swift in Sources */,
			);
			runOnlyForDeploymentPostprocessing = 0;
		};
/* End PBXSourcesBuildPhase section */

/* Begin PBXVariantGroup section */
		18B0CC352043679B00E3DFF1 /* Main.storyboard */ = {
			isa = PBXVariantGroup;
			children = (
				18B0CC362043679B00E3DFF1 /* Base */,
			);
			name = Main.storyboard;
			sourceTree = "<group>";
		};
		18B0CC3A2043679B00E3DFF1 /* LaunchScreen.storyboard */ = {
			isa = PBXVariantGroup;
			children = (
				18B0CC3B2043679B00E3DFF1 /* Base */,
			);
			name = LaunchScreen.storyboard;
			sourceTree = "<group>";
		};
/* End PBXVariantGroup section */

/* Begin XCBuildConfiguration section */
		18B0CC3E2043679B00E3DFF1 /* Debug */ = {
			isa = XCBuildConfiguration;
			buildSettings = {
				ALWAYS_SEARCH_USER_PATHS = NO;
				CLANG_ANALYZER_NONNULL = YES;
				CLANG_ANALYZER_NUMBER_OBJECT_CONVERSION = YES_AGGRESSIVE;
				CLANG_CXX_LANGUAGE_STANDARD = "gnu++14";
				CLANG_CXX_LIBRARY = "libc++";
				CLANG_ENABLE_MODULES = YES;
				CLANG_ENABLE_OBJC_ARC = YES;
				CLANG_WARN_BLOCK_CAPTURE_AUTORELEASING = YES;
				CLANG_WARN_BOOL_CONVERSION = YES;
				CLANG_WARN_COMMA = YES;
				CLANG_WARN_CONSTANT_CONVERSION = YES;
				CLANG_WARN_DIRECT_OBJC_ISA_USAGE = YES_ERROR;
				CLANG_WARN_DOCUMENTATION_COMMENTS = YES;
				CLANG_WARN_EMPTY_BODY = YES;
				CLANG_WARN_ENUM_CONVERSION = YES;
				CLANG_WARN_INFINITE_RECURSION = YES;
				CLANG_WARN_INT_CONVERSION = YES;
				CLANG_WARN_NON_LITERAL_NULL_CONVERSION = YES;
				CLANG_WARN_OBJC_LITERAL_CONVERSION = YES;
				CLANG_WARN_OBJC_ROOT_CLASS = YES_ERROR;
				CLANG_WARN_RANGE_LOOP_ANALYSIS = YES;
				CLANG_WARN_STRICT_PROTOTYPES = YES;
				CLANG_WARN_SUSPICIOUS_MOVE = YES;
				CLANG_WARN_UNGUARDED_AVAILABILITY = YES_AGGRESSIVE;
				CLANG_WARN_UNREACHABLE_CODE = YES;
				CLANG_WARN__DUPLICATE_METHOD_MATCH = YES;
				CODE_SIGN_IDENTITY = "iPhone Developer";
				COPY_PHASE_STRIP = NO;
				DEBUG_INFORMATION_FORMAT = dwarf;
				ENABLE_STRICT_OBJC_MSGSEND = YES;
				ENABLE_TESTABILITY = YES;
				GCC_C_LANGUAGE_STANDARD = gnu11;
				GCC_DYNAMIC_NO_PIC = NO;
				GCC_NO_COMMON_BLOCKS = YES;
				GCC_OPTIMIZATION_LEVEL = 0;
				GCC_PREPROCESSOR_DEFINITIONS = (
					"DEBUG=1",
					"$(inherited)",
				);
				GCC_WARN_64_TO_32_BIT_CONVERSION = YES;
				GCC_WARN_ABOUT_RETURN_TYPE = YES_ERROR;
				GCC_WARN_UNDECLARED_SELECTOR = YES;
				GCC_WARN_UNINITIALIZED_AUTOS = YES_AGGRESSIVE;
				GCC_WARN_UNUSED_FUNCTION = YES;
				GCC_WARN_UNUSED_VARIABLE = YES;
				IPHONEOS_DEPLOYMENT_TARGET = 11.2;
				MTL_ENABLE_DEBUG_INFO = YES;
				ONLY_ACTIVE_ARCH = YES;
				SDKROOT = iphoneos;
				SWIFT_ACTIVE_COMPILATION_CONDITIONS = DEBUG;
				SWIFT_OPTIMIZATION_LEVEL = "-Onone";
			};
			name = Debug;
		};
		18B0CC3F2043679B00E3DFF1 /* Release */ = {
			isa = XCBuildConfiguration;
			buildSettings = {
				ALWAYS_SEARCH_USER_PATHS = NO;
				CLANG_ANALYZER_NONNULL = YES;
				CLANG_ANALYZER_NUMBER_OBJECT_CONVERSION = YES_AGGRESSIVE;
				CLANG_CXX_LANGUAGE_STANDARD = "gnu++14";
				CLANG_CXX_LIBRARY = "libc++";
				CLANG_ENABLE_MODULES = YES;
				CLANG_ENABLE_OBJC_ARC = YES;
				CLANG_WARN_BLOCK_CAPTURE_AUTORELEASING = YES;
				CLANG_WARN_BOOL_CONVERSION = YES;
				CLANG_WARN_COMMA = YES;
				CLANG_WARN_CONSTANT_CONVERSION = YES;
				CLANG_WARN_DIRECT_OBJC_ISA_USAGE = YES_ERROR;
				CLANG_WARN_DOCUMENTATION_COMMENTS = YES;
				CLANG_WARN_EMPTY_BODY = YES;
				CLANG_WARN_ENUM_CONVERSION = YES;
				CLANG_WARN_INFINITE_RECURSION = YES;
				CLANG_WARN_INT_CONVERSION = YES;
				CLANG_WARN_NON_LITERAL_NULL_CONVERSION = YES;
				CLANG_WARN_OBJC_LITERAL_CONVERSION = YES;
				CLANG_WARN_OBJC_ROOT_CLASS = YES_ERROR;
				CLANG_WARN_RANGE_LOOP_ANALYSIS = YES;
				CLANG_WARN_STRICT_PROTOTYPES = YES;
				CLANG_WARN_SUSPICIOUS_MOVE = YES;
				CLANG_WARN_UNGUARDED_AVAILABILITY = YES_AGGRESSIVE;
				CLANG_WARN_UNREACHABLE_CODE = YES;
				CLANG_WARN__DUPLICATE_METHOD_MATCH = YES;
				CODE_SIGN_IDENTITY = "iPhone Developer";
				COPY_PHASE_STRIP = NO;
				DEBUG_INFORMATION_FORMAT = "dwarf-with-dsym";
				ENABLE_NS_ASSERTIONS = NO;
				ENABLE_STRICT_OBJC_MSGSEND = YES;
				GCC_C_LANGUAGE_STANDARD = gnu11;
				GCC_NO_COMMON_BLOCKS = YES;
				GCC_WARN_64_TO_32_BIT_CONVERSION = YES;
				GCC_WARN_ABOUT_RETURN_TYPE = YES_ERROR;
				GCC_WARN_UNDECLARED_SELECTOR = YES;
				GCC_WARN_UNINITIALIZED_AUTOS = YES_AGGRESSIVE;
				GCC_WARN_UNUSED_FUNCTION = YES;
				GCC_WARN_UNUSED_VARIABLE = YES;
				IPHONEOS_DEPLOYMENT_TARGET = 11.2;
				MTL_ENABLE_DEBUG_INFO = NO;
				SDKROOT = iphoneos;
				SWIFT_OPTIMIZATION_LEVEL = "-Owholemodule";
				VALIDATE_PRODUCT = YES;
			};
			name = Release;
		};
		18B0CC412043679B00E3DFF1 /* Debug */ = {
			isa = XCBuildConfiguration;
			baseConfigurationReference = E1AC5D3EF7A85E37DD0B24CD /* Pods-todoMVVM.debug.xcconfig */;
			buildSettings = {
				ASSETCATALOG_COMPILER_APPICON_NAME = AppIcon;
				CODE_SIGN_STYLE = Automatic;
				INFOPLIST_FILE = todoMVVM/Info.plist;
				LD_RUNPATH_SEARCH_PATHS = "$(inherited) @executable_path/Frameworks";
				PRODUCT_BUNDLE_IDENTIFIER = com.csw.todoMVVM;
				PRODUCT_NAME = "$(TARGET_NAME)";
				SWIFT_VERSION = 4.0;
				TARGETED_DEVICE_FAMILY = "1,2";
			};
			name = Debug;
		};
		18B0CC422043679B00E3DFF1 /* Release */ = {
			isa = XCBuildConfiguration;
			baseConfigurationReference = 23E56A1800D702F657C26258 /* Pods-todoMVVM.release.xcconfig */;
			buildSettings = {
				ASSETCATALOG_COMPILER_APPICON_NAME = AppIcon;
				CODE_SIGN_STYLE = Automatic;
				INFOPLIST_FILE = todoMVVM/Info.plist;
				LD_RUNPATH_SEARCH_PATHS = "$(inherited) @executable_path/Frameworks";
				PRODUCT_BUNDLE_IDENTIFIER = com.csw.todoMVVM;
				PRODUCT_NAME = "$(TARGET_NAME)";
				SWIFT_VERSION = 4.0;
				TARGETED_DEVICE_FAMILY = "1,2";
			};
			name = Release;
		};
/* End XCBuildConfiguration section */

/* Begin XCConfigurationList section */
		18B0CC292043679B00E3DFF1 /* Build configuration list for PBXProject "todoMVVM" */ = {
			isa = XCConfigurationList;
			buildConfigurations = (
				18B0CC3E2043679B00E3DFF1 /* Debug */,
				18B0CC3F2043679B00E3DFF1 /* Release */,
			);
			defaultConfigurationIsVisible = 0;
			defaultConfigurationName = Release;
		};
		18B0CC402043679B00E3DFF1 /* Build configuration list for PBXNativeTarget "todoMVVM" */ = {
			isa = XCConfigurationList;
			buildConfigurations = (
				18B0CC412043679B00E3DFF1 /* Debug */,
				18B0CC422043679B00E3DFF1 /* Release */,
			);
			defaultConfigurationIsVisible = 0;
			defaultConfigurationName = Release;
		};
/* End XCConfigurationList section */
	};
	rootObject = 18B0CC262043679B00E3DFF1 /* Project object */;
}
